
Microsoft Visual Studio Solution File, Format Version 12.00
# Visual Studio Version 17
VisualStudioVersion = 17.14.36915.13 d17.14
MinimumVisualStudioVersion = 10.0.40219.1
Project("{FAE04EC0-301F-11D3-BF4B-00C04F79EFBC}") = "ExerciceLogger", "ExerciceLogger.csproj", "{402D732A-0088-4CB6-886D-0D33E59994B7}"
EndProject
Global
	GlobalSection(SolutionConfigurationPlatforms) = preSolution
		Debug|Any CPU = Debug|Any CPU
		Release|Any CPU = Release|Any CPU
	EndGlobalSection
	GlobalSection(ProjectConfigurationPlatforms) = postSolution
		{402D732A-0088-4CB6-886D-0D33E59994B7}.Debug|Any CPU.ActiveCfg = Debug|Any CPU
		{402D732A-0088-4CB6-886D-0D33E59994B7}.Debug|Any CPU.Build.0 = Debug|Any CPU
		{402D732A-0088-4CB6-886D-0D33E59994B7}.Release|Any CPU.ActiveCfg = Release|Any CPU
		{402D732A-0088-4CB6-886D-0D33E59994B7}.Release|Any CPU.Build.0 = Release|Any CPU
	EndGlobalSection
	GlobalSection(SolutionProperties) = preSolution
		HideSolutionNode = FALSE
	EndGlobalSection
	GlobalSection(ExtensibilityGlobals) = postSolution
		SolutionGuid = {79E9F53B-9EDB-4560-BB16-E08600D6268B}
	EndGlobalSection
EndGlobal
